
Microsoft Visual Studio Solution File, Format Version 12.00
# Visual Studio 2013
VisualStudioVersion = 12.0.31101.0
MinimumVisualStudioVersion = 10.0.40219.1
Project("{FAE04EC0-301F-11D3-BF4B-00C04F79EFBC}") = "Vidly1", "Vidly1\Vidly1.csproj", "{F34C70FE-FDA6-4ADC-87F1-F06F44A50F68}"
EndProject
Global
	GlobalSection(SolutionConfigurationPlatforms) = preSolution
		Debug|Any CPU = Debug|Any CPU
		Release|Any CPU = Release|Any CPU
		Testing|Any CPU = Testing|Any CPU
		TestingEnvironment|Any CPU = TestingEnvironment|Any CPU
	EndGlobalSection
	GlobalSection(ProjectConfigurationPlatforms) = postSolution
		{F34C70FE-FDA6-4ADC-87F1-F06F44A50F68}.Debug|Any CPU.ActiveCfg = Debug|Any CPU
		{F34C70FE-FDA6-4ADC-87F1-F06F44A50F68}.Debug|Any CPU.Build.0 = Debug|Any CPU
		{F34C70FE-FDA6-4ADC-87F1-F06F44A50F68}.Release|Any CPU.ActiveCfg = Release|Any CPU
		{F34C70FE-FDA6-4ADC-87F1-F06F44A50F68}.Release|Any CPU.Build.0 = Release|Any CPU
		{F34C70FE-FDA6-4ADC-87F1-F06F44A50F68}.Testing|Any CPU.ActiveCfg = Testing|Any CPU
		{F34C70FE-FDA6-4ADC-87F1-F06F44A50F68}.Testing|Any CPU.Build.0 = Testing|Any CPU
		{F34C70FE-FDA6-4ADC-87F1-F06F44A50F68}.TestingEnvironment|Any CPU.ActiveCfg = TestingEnvironment|Any CPU
		{F34C70FE-FDA6-4ADC-87F1-F06F44A50F68}.TestingEnvironment|Any CPU.Build.0 = TestingEnvironment|Any CPU
	EndGlobalSection
	GlobalSection(SolutionProperties) = preSolution
		HideSolutionNode = FALSE
	EndGlobalSection
EndGlobal
